
Microsoft Visual Studio Solution File, Format Version 12.00
# Visual Studio Version 16
VisualStudioVersion = 16.0.29613.14
MinimumVisualStudioVersion = 10.0.40219.1
Project("{9A19103F-16F7-4668-BE54-9A1E7A4F7556}") = "VMware.Tas.Steeltoe.Core.Eureka.Api", "VMware.Tas.Steeltoe.Core.Eureka.Api\VMware.Tas.Steeltoe.Core.Eureka.Api.csproj", "{F816FD42-CC71-4142-A284-116AE87D5725}"
EndProject
Project("{2150E333-8FDC-42A3-9474-1A3956D46DE8}") = "Solution Items", "Solution Items", "{61A1F4CC-2FC5-463F-9F2D-2736A99C87A1}"
	ProjectSection(SolutionItems) = preProject
		..\application-development.properties = ..\application-development.properties
		..\application-production.properties = ..\application-production.properties
		..\application-staging.properties = ..\application-staging.properties
		..\cf-push-all.bat = ..\cf-push-all.bat
		..\config.json = ..\config.json
		..\create-services.bat = ..\create-services.bat
		..\reset.bat = ..\reset.bat
		..\scs-local.bat = ..\scs-local.bat
	EndProjectSection
EndProject
Project("{9A19103F-16F7-4668-BE54-9A1E7A4F7556}") = "VMware.Tas.Steeltoe.Core.Hystrix.Api", "VMware.Tas.Steeltoe.Core.Hystrix.Api\VMware.Tas.Steeltoe.Core.Hystrix.Api.csproj", "{3CFED0ED-BB85-4744-9588-1F04566F4181}"
EndProject
Project("{9A19103F-16F7-4668-BE54-9A1E7A4F7556}") = "VMware.Tas.Steeltoe.Core.Hystrix.Fallback.Api", "VMware.Tas.Steeltoe.Core.Hystrix.Fallback.Api\VMware.Tas.Steeltoe.Core.Hystrix.Fallback.Api.csproj", "{CC4ED49F-5315-4917-87AC-3388B3FD37F2}"
EndProject
Project("{9A19103F-16F7-4668-BE54-9A1E7A4F7556}") = "VMware.Tas.Steeltoe.Core.Web", "VMware.Tas.Steeltoe.Core.Web\VMware.Tas.Steeltoe.Core.Web.csproj", "{5DA4559B-869F-4D2C-9272-A5FE3749BFB0}"
EndProject
Project("{FAE04EC0-301F-11D3-BF4B-00C04F79EFBC}") = "WebApplication1", "WebApplication1\WebApplication1.csproj", "{43C15062-2487-40BB-AFB7-75BCD0A06CEF}"
EndProject
Global
	GlobalSection(SolutionConfigurationPlatforms) = preSolution
		Debug|Any CPU = Debug|Any CPU
		Release|Any CPU = Release|Any CPU
	EndGlobalSection
	GlobalSection(ProjectConfigurationPlatforms) = postSolution
		{F816FD42-CC71-4142-A284-116AE87D5725}.Debug|Any CPU.ActiveCfg = Debug|Any CPU
		{F816FD42-CC71-4142-A284-116AE87D5725}.Debug|Any CPU.Build.0 = Debug|Any CPU
		{F816FD42-CC71-4142-A284-116AE87D5725}.Release|Any CPU.ActiveCfg = Release|Any CPU
		{F816FD42-CC71-4142-A284-116AE87D5725}.Release|Any CPU.Build.0 = Release|Any CPU
		{3CFED0ED-BB85-4744-9588-1F04566F4181}.Debug|Any CPU.ActiveCfg = Debug|Any CPU
		{3CFED0ED-BB85-4744-9588-1F04566F4181}.Debug|Any CPU.Build.0 = Debug|Any CPU
		{3CFED0ED-BB85-4744-9588-1F04566F4181}.Release|Any CPU.ActiveCfg = Release|Any CPU
		{3CFED0ED-BB85-4744-9588-1F04566F4181}.Release|Any CPU.Build.0 = Release|Any CPU
		{CC4ED49F-5315-4917-87AC-3388B3FD37F2}.Debug|Any CPU.ActiveCfg = Debug|Any CPU
		{CC4ED49F-5315-4917-87AC-3388B3FD37F2}.Debug|Any CPU.Build.0 = Debug|Any CPU
		{CC4ED49F-5315-4917-87AC-3388B3FD37F2}.Release|Any CPU.ActiveCfg = Release|Any CPU
		{CC4ED49F-5315-4917-87AC-3388B3FD37F2}.Release|Any CPU.Build.0 = Release|Any CPU
		{5DA4559B-869F-4D2C-9272-A5FE3749BFB0}.Debug|Any CPU.ActiveCfg = Debug|Any CPU
		{5DA4559B-869F-4D2C-9272-A5FE3749BFB0}.Debug|Any CPU.Build.0 = Debug|Any CPU
		{5DA4559B-869F-4D2C-9272-A5FE3749BFB0}.Release|Any CPU.ActiveCfg = Release|Any CPU
		{5DA4559B-869F-4D2C-9272-A5FE3749BFB0}.Release|Any CPU.Build.0 = Release|Any CPU
		{43C15062-2487-40BB-AFB7-75BCD0A06CEF}.Debug|Any CPU.ActiveCfg = Debug|Any CPU
		{43C15062-2487-40BB-AFB7-75BCD0A06CEF}.Debug|Any CPU.Build.0 = Debug|Any CPU
		{43C15062-2487-40BB-AFB7-75BCD0A06CEF}.Release|Any CPU.ActiveCfg = Release|Any CPU
		{43C15062-2487-40BB-AFB7-75BCD0A06CEF}.Release|Any CPU.Build.0 = Release|Any CPU
	EndGlobalSection
	GlobalSection(SolutionProperties) = preSolution
		HideSolutionNode = FALSE
	EndGlobalSection
	GlobalSection(ExtensibilityGlobals) = postSolution
		SolutionGuid = {923C50A0-787D-4128-9093-75B1C30D6F68}
	EndGlobalSection
EndGlobal
